// !$*UTF8*$!
{
	archiveVersion = 1;
	classes = {
	};
	objectVersion = 56;
	objects = {

/* Begin PBXBuildFile section */
		6D14058A293A9C2D0061A9AC /* KittensApp.swift in Sources */ = {isa = PBXBuildFile; fileRef = 6D140589293A9C2D0061A9AC /* KittensApp.swift */; };
		6D14058C293A9C2D0061A9AC /* ContentView.swift in Sources */ = {isa = PBXBuildFile; fileRef = 6D14058B293A9C2D0061A9AC /* ContentView.swift */; };
		6D14058E293A9C2F0061A9AC /* Assets.xcassets in Resources */ = {isa = PBXBuildFile; fileRef = 6D14058D293A9C2F0061A9AC /* Assets.xcassets */; };
		6D140591293A9C2F0061A9AC /* Preview Assets.xcassets in Resources */ = {isa = PBXBuildFile; fileRef = 6D140590293A9C2F0061A9AC /* Preview Assets.xcassets */; };
		6D14059B293A9CAA0061A9AC /* SDWebImageSwiftUI in Frameworks */ = {isa = PBXBuildFile; productRef = 6D14059A293A9CAA0061A9AC /* SDWebImageSwiftUI */; };
		6D14059D293AA5180061A9AC /* Extensions.swift in Sources */ = {isa = PBXBuildFile; fileRef = 6D14059C293AA5180061A9AC /* Extensions.swift */; };
		6D1405A0293AAAFD0061A9AC /* KittenView.swift in Sources */ = {isa = PBXBuildFile; fileRef = 6D14059F293AAAFD0061A9AC /* KittenView.swift */; };
		6D1405A2293B6FCD0061A9AC /* OptionsView.swift in Sources */ = {isa = PBXBuildFile; fileRef = 6D1405A1293B6FCD0061A9AC /* OptionsView.swift */; };
		6D1405A4293B71940061A9AC /* VersionView.swift in Sources */ = {isa = PBXBuildFile; fileRef = 6D1405A3293B71940061A9AC /* VersionView.swift */; };
/* End PBXBuildFile section */

/* Begin PBXFileReference section */
		6D140586293A9C2D0061A9AC /* Kittens.app */ = {isa = PBXFileReference; explicitFileType = wrapper.application; includeInIndex = 0; path = Kittens.app; sourceTree = BUILT_PRODUCTS_DIR; };
		6D140589293A9C2D0061A9AC /* KittensApp.swift */ = {isa = PBXFileReference; lastKnownFileType = sourcecode.swift; path = KittensApp.swift; sourceTree = "<group>"; };
		6D14058B293A9C2D0061A9AC /* ContentView.swift */ = {isa = PBXFileReference; lastKnownFileType = sourcecode.swift; path = ContentView.swift; sourceTree = "<group>"; };
		6D14058D293A9C2F0061A9AC /* Assets.xcassets */ = {isa = PBXFileReference; lastKnownFileType = folder.assetcatalog; path = Assets.xcassets; sourceTree = "<group>"; };
		6D140590293A9C2F0061A9AC /* Preview Assets.xcassets */ = {isa = PBXFileReference; lastKnownFileType = folder.assetcatalog; path = "Preview Assets.xcassets"; sourceTree = "<group>"; };
		6D14059C293AA5180061A9AC /* Extensions.swift */ = {isa = PBXFileReference; lastKnownFileType = sourcecode.swift; path = Extensions.swift; sourceTree = "<group>"; };
		6D14059E293AA98E0061A9AC /* Info.plist */ = {isa = PBXFileReference; lastKnownFileType = text.plist; path = Info.plist; sourceTree = "<group>"; };
		6D14059F293AAAFD0061A9AC /* KittenView.swift */ = {isa = PBXFileReference; lastKnownFileType = sourcecode.swift; path = KittenView.swift; sourceTree = "<group>"; };
		6D1405A1293B6FCD0061A9AC /* OptionsView.swift */ = {isa = PBXFileReference; lastKnownFileType = sourcecode.swift; path = OptionsView.swift; sourceTree = "<group>"; };
		6D1405A3293B71940061A9AC /* VersionView.swift */ = {isa = PBXFileReference; lastKnownFileType = sourcecode.swift; path = VersionView.swift; sourceTree = "<group>"; };
/* End PBXFileReference section */

/* Begin PBXFrameworksBuildPhase section */
		6D140583293A9C2D0061A9AC /* Frameworks */ = {
			isa = PBXFrameworksBuildPhase;
			buildActionMask = 2147483647;
			files = (
				6D14059B293A9CAA0061A9AC /* SDWebImageSwiftUI in Frameworks */,
			);
			runOnlyForDeploymentPostprocessing = 0;
		};
/* End PBXFrameworksBuildPhase section */

/* Begin PBXGroup section */
		6D14057D293A9C2D0061A9AC = {
			isa = PBXGroup;
			children = (
				6D140588293A9C2D0061A9AC /* Kittens */,
				6D140587293A9C2D0061A9AC /* Products */,
			);
			sourceTree = "<group>";
		};
		6D140587293A9C2D0061A9AC /* Products */ = {
			isa = PBXGroup;
			children = (
				6D140586293A9C2D0061A9AC /* Kittens.app */,
			);
			name = Products;
			sourceTree = "<group>";
		};
		6D140588293A9C2D0061A9AC /* Kittens */ = {
			isa = PBXGroup;
			children = (
				6D14059E293AA98E0061A9AC /* Info.plist */,
				6D140589293A9C2D0061A9AC /* KittensApp.swift */,
				6D14058B293A9C2D0061A9AC /* ContentView.swift */,
				6D14058D293A9C2F0061A9AC /* Assets.xcassets */,
				6D14058F293A9C2F0061A9AC /* Preview Content */,
				6D14059C293AA5180061A9AC /* Extensions.swift */,
				6D14059F293AAAFD0061A9AC /* KittenView.swift */,
				6D1405A1293B6FCD0061A9AC /* OptionsView.swift */,
				6D1405A3293B71940061A9AC /* VersionView.swift */,
			);
			path = Kittens;
			sourceTree = "<group>";
		};
		6D14058F293A9C2F0061A9AC /* Preview Content */ = {
			isa = PBXGroup;
			children = (
				6D140590293A9C2F0061A9AC /* Preview Assets.xcassets */,
			);
			path = "Preview Content";
			sourceTree = "<group>";
		};
/* End PBXGroup section */

/* Begin PBXNativeTarget section */
		6D140585293A9C2D0061A9AC /* Kittens */ = {
			isa = PBXNativeTarget;
			buildConfigurationList = 6D140594293A9C2F0061A9AC /* Build configuration list for PBXNativeTarget "Kittens" */;
			buildPhases = (
				6D140582293A9C2D0061A9AC /* Sources */,
				6D140583293A9C2D0061A9AC /* Frameworks */,
				6D140584293A9C2D0061A9AC /* Resources */,
			);
			buildRules = (
			);
			dependencies = (
			);
			name = Kittens;
			packageProductDependencies = (
				6D14059A293A9CAA0061A9AC /* SDWebImageSwiftUI */,
			);
			productName = Kittens;
			productReference = 6D140586293A9C2D0061A9AC /* Kittens.app */;
			productType = "com.apple.product-type.application";
		};
/* End PBXNativeTarget section */

/* Begin PBXProject section */
		6D14057E293A9C2D0061A9AC /* Project object */ = {
			isa = PBXProject;
			attributes = {
				BuildIndependentTargetsInParallel = 1;
				LastSwiftUpdateCheck = 1410;
				LastUpgradeCheck = 1410;
				TargetAttributes = {
					6D140585293A9C2D0061A9AC = {
						CreatedOnToolsVersion = 14.1;
					};
				};
			};
			buildConfigurationList = 6D140581293A9C2D0061A9AC /* Build configuration list for PBXProject "Kittens" */;
			compatibilityVersion = "Xcode 14.0";
			developmentRegion = en;
			hasScannedForEncodings = 0;
			knownRegions = (
				en,
				Base,
			);
			mainGroup = 6D14057D293A9C2D0061A9AC;
			packageReferences = (
				6D140599293A9CAA0061A9AC /* XCRemoteSwiftPackageReference "SDWebImageSwiftUI" */,
			);
			productRefGroup = 6D140587293A9C2D0061A9AC /* Products */;
			projectDirPath = "";
			projectRoot = "";
			targets = (
				6D140585293A9C2D0061A9AC /* Kittens */,
			);
		};
/* End PBXProject section */

/* Begin PBXResourcesBuildPhase section */
		6D140584293A9C2D0061A9AC /* Resources */ = {
			isa = PBXResourcesBuildPhase;
			buildActionMask = 2147483647;
			files = (
				6D140591293A9C2F0061A9AC /* Preview Assets.xcassets in Resources */,
				6D14058E293A9C2F0061A9AC /* Assets.xcassets in Resources */,
			);
			runOnlyForDeploymentPostprocessing = 0;
		};
/* End PBXResourcesBuildPhase section */

/* Begin PBXSourcesBuildPhase section */
		6D140582293A9C2D0061A9AC /* Sources */ = {
			isa = PBXSourcesBuildPhase;
			buildActionMask = 2147483647;
			files = (
				6D14058C293A9C2D0061A9AC /* ContentView.swift in Sources */,
				6D1405A4293B71940061A9AC /* VersionView.swift in Sources */,
				6D1405A0293AAAFD0061A9AC /* KittenView.swift in Sources */,
				6D14059D293AA5180061A9AC /* Extensions.swift in Sources */,
				6D1405A2293B6FCD0061A9AC /* OptionsView.swift in Sources */,
				6D14058A293A9C2D0061A9AC /* KittensApp.swift in Sources */,
			);
			runOnlyForDeploymentPostprocessing = 0;
		};
/* End PBXSourcesBuildPhase section */

/* Begin XCBuildConfiguration section */
		6D140592293A9C2F0061A9AC /* Debug */ = {
			isa = XCBuildConfiguration;
			buildSettings = {
				ALWAYS_SEARCH_USER_PATHS = NO;
				CLANG_ANALYZER_NONNULL = YES;
				CLANG_ANALYZER_NUMBER_OBJECT_CONVERSION = YES_AGGRESSIVE;
				CLANG_CXX_LANGUAGE_STANDARD = "gnu++20";
				CLANG_ENABLE_MODULES = YES;
				CLANG_ENABLE_OBJC_ARC = YES;
				CLANG_ENABLE_OBJC_WEAK = YES;
				CLANG_WARN_BLOCK_CAPTURE_AUTORELEASING = YES;
				CLANG_WARN_BOOL_CONVERSION = YES;
				CLANG_WARN_COMMA = YES;
				CLANG_WARN_CONSTANT_CONVERSION = YES;
				CLANG_WARN_DEPRECATED_OBJC_IMPLEMENTATIONS = YES;
				CLANG_WARN_DIRECT_OBJC_ISA_USAGE = YES_ERROR;
				CLANG_WARN_DOCUMENTATION_COMMENTS = YES;
				CLANG_WARN_EMPTY_BODY = YES;
				CLANG_WARN_ENUM_CONVERSION = YES;
				CLANG_WARN_INFINITE_RECURSION = YES;
				CLANG_WARN_INT_CONVERSION = YES;
				CLANG_WARN_NON_LITERAL_NULL_CONVERSION = YES;
				CLANG_WARN_OBJC_IMPLICIT_RETAIN_SELF = YES;
				CLANG_WARN_OBJC_LITERAL_CONVERSION = YES;
				CLANG_WARN_OBJC_ROOT_CLASS = YES_ERROR;
				CLANG_WARN_QUOTED_INCLUDE_IN_FRAMEWORK_HEADER = YES;
				CLANG_WARN_RANGE_LOOP_ANALYSIS = YES;
				CLANG_WARN_STRICT_PROTOTYPES = YES;
				CLANG_WARN_SUSPICIOUS_MOVE = YES;
				CLANG_WARN_UNGUARDED_AVAILABILITY = YES_AGGRESSIVE;
				CLANG_WARN_UNREACHABLE_CODE = YES;
				CLANG_WARN__DUPLICATE_METHOD_MATCH = YES;
				COPY_PHASE_STRIP = NO;
				DEBUG_INFORMATION_FORMAT = dwarf;
				ENABLE_STRICT_OBJC_MSGSEND = YES;
				ENABLE_TESTABILITY = YES;
				GCC_C_LANGUAGE_STANDARD = gnu11;
				GCC_DYNAMIC_NO_PIC = NO;
				GCC_NO_COMMON_BLOCKS = YES;
				GCC_OPTIMIZATION_LEVEL = 0;
				GCC_PREPROCESSOR_DEFINITIONS = (
					"DEBUG=1",
					"$(inherited)",
				);
				GCC_WARN_64_TO_32_BIT_CONVERSION = YES;
				GCC_WARN_ABOUT_RETURN_TYPE = YES_ERROR;
				GCC_WARN_UNDECLARED_SELECTOR = YES;
				GCC_WARN_UNINITIALIZED_AUTOS = YES_AGGRESSIVE;
				GCC_WARN_UNUSED_FUNCTION = YES;
				GCC_WARN_UNUSED_VARIABLE = YES;
				IPHONEOS_DEPLOYMENT_TARGET = 16.1;
				MTL_ENABLE_DEBUG_INFO = INCLUDE_SOURCE;
				MTL_FAST_MATH = YES;
				ONLY_ACTIVE_ARCH = YES;
				SDKROOT = iphoneos;
				SWIFT_ACTIVE_COMPILATION_CONDITIONS = DEBUG;
				SWIFT_OPTIMIZATION_LEVEL = "-Onone";
			};
			name = Debug;
		};
		6D140593293A9C2F0061A9AC /* Release */ = {
			isa = XCBuildConfiguration;
			buildSettings = {
				ALWAYS_SEARCH_USER_PATHS = NO;
				CLANG_ANALYZER_NONNULL = YES;
				CLANG_ANALYZER_NUMBER_OBJECT_CONVERSION = YES_AGGRESSIVE;
				CLANG_CXX_LANGUAGE_STANDARD = "gnu++20";
				CLANG_ENABLE_MODULES = YES;
				CLANG_ENABLE_OBJC_ARC = YES;
				CLANG_ENABLE_OBJC_WEAK = YES;
				CLANG_WARN_BLOCK_CAPTURE_AUTORELEASING = YES;
				CLANG_WARN_BOOL_CONVERSION = YES;
				CLANG_WARN_COMMA = YES;
				CLANG_WARN_CONSTANT_CONVERSION = YES;
				CLANG_WARN_DEPRECATED_OBJC_IMPLEMENTATIONS = YES;
				CLANG_WARN_DIRECT_OBJC_ISA_USAGE = YES_ERROR;
				CLANG_WARN_DOCUMENTATION_COMMENTS = YES;
				CLANG_WARN_EMPTY_BODY = YES;
				CLANG_WARN_ENUM_CONVERSION = YES;
				CLANG_WARN_INFINITE_RECURSION = YES;
				CLANG_WARN_INT_CONVERSION = YES;
				CLANG_WARN_NON_LITERAL_NULL_CONVERSION = YES;
				CLANG_WARN_OBJC_IMPLICIT_RETAIN_SELF = YES;
				CLANG_WARN_OBJC_LITERAL_CONVERSION = YES;
				CLANG_WARN_OBJC_ROOT_CLASS = YES_ERROR;
				CLANG_WARN_QUOTED_INCLUDE_IN_FRAMEWORK_HEADER = YES;
				CLANG_WARN_RANGE_LOOP_ANALYSIS = YES;
				CLANG_WARN_STRICT_PROTOTYPES = YES;
				CLANG_WARN_SUSPICIOUS_MOVE = YES;
				CLANG_WARN_UNGUARDED_AVAILABILITY = YES_AGGRESSIVE;
				CLANG_WARN_UNREACHABLE_CODE = YES;
				CLANG_WARN__DUPLICATE_METHOD_MATCH = YES;
				COPY_PHASE_STRIP = NO;
				DEBUG_INFORMATION_FORMAT = "dwarf-with-dsym";
				ENABLE_NS_ASSERTIONS = NO;
				ENABLE_STRICT_OBJC_MSGSEND = YES;
				GCC_C_LANGUAGE_STANDARD = gnu11;
				GCC_NO_COMMON_BLOCKS = YES;
				GCC_WARN_64_TO_32_BIT_CONVERSION = YES;
				GCC_WARN_ABOUT_RETURN_TYPE = YES_ERROR;
				GCC_WARN_UNDECLARED_SELECTOR = YES;
				GCC_WARN_UNINITIALIZED_AUTOS = YES_AGGRESSIVE;
				GCC_WARN_UNUSED_FUNCTION = YES;
				GCC_WARN_UNUSED_VARIABLE = YES;
				IPHONEOS_DEPLOYMENT_TARGET = 16.1;
				MTL_ENABLE_DEBUG_INFO = NO;
				MTL_FAST_MATH = YES;
				SDKROOT = iphoneos;
				SWIFT_COMPILATION_MODE = wholemodule;
				SWIFT_OPTIMIZATION_LEVEL = "-O";
				VALIDATE_PRODUCT = YES;
			};
			name = Release;
		};
		6D140595293A9C2F0061A9AC /* Debug */ = {
			isa = XCBuildConfiguration;
			buildSettings = {
				ASSETCATALOG_COMPILER_APPICON_NAME = AppIcon;
				ASSETCATALOG_COMPILER_GLOBAL_ACCENT_COLOR_NAME = AccentColor;
				CODE_SIGN_STYLE = Automatic;
				CURRENT_PROJECT_VERSION = 1;
				DEVELOPMENT_ASSET_PATHS = "\"Kittens/Preview Content\"";
				DEVELOPMENT_TEAM = A999YUQPG2;
				ENABLE_PREVIEWS = YES;
				GENERATE_INFOPLIST_FILE = YES;
				INFOPLIST_FILE = Kittens/Info.plist;
				INFOPLIST_KEY_LSApplicationCategoryType = "public.app-category.entertainment";
				INFOPLIST_KEY_NSPhotoLibraryAddUsageDescription = "This is required to save the picture.";
				INFOPLIST_KEY_UIApplicationSceneManifest_Generation = YES;
				INFOPLIST_KEY_UIApplicationSupportsIndirectInputEvents = YES;
				INFOPLIST_KEY_UILaunchScreen_Generation = YES;
				INFOPLIST_KEY_UISupportedInterfaceOrientations = UIInterfaceOrientationPortrait;
				IPHONEOS_DEPLOYMENT_TARGET = 14.0;
				LD_RUNPATH_SEARCH_PATHS = (
					"$(inherited)",
					"@executable_path/Frameworks",
				);
				MARKETING_VERSION = 1.0.2;
				PRODUCT_BUNDLE_IDENTIFIER = org.haxi0.Kittens;
				PRODUCT_NAME = "$(TARGET_NAME)";
				SWIFT_EMIT_LOC_STRINGS = YES;
				SWIFT_VERSION = 5.0;
				TARGETED_DEVICE_FAMILY = "1,2";
			};
			name = Debug;
		};
		6D140596293A9C2F0061A9AC /* Release */ = {
			isa = XCBuildConfiguration;
			buildSettings = {
				ASSETCATALOG_COMPILER_APPICON_NAME = AppIcon;
				ASSETCATALOG_COMPILER_GLOBAL_ACCENT_COLOR_NAME = AccentColor;
				CODE_SIGN_STYLE = Automatic;
				CURRENT_PROJECT_VERSION = 1;
				DEVELOPMENT_ASSET_PATHS = "\"Kittens/Preview Content\"";
				DEVELOPMENT_TEAM = A999YUQPG2;
				ENABLE_PREVIEWS = YES;
				GENERATE_INFOPLIST_FILE = YES;
				INFOPLIST_FILE = Kittens/Info.plist;
				INFOPLIST_KEY_LSApplicationCategoryType = "public.app-category.entertainment";
				INFOPLIST_KEY_NSPhotoLibraryAddUsageDescription = "This is required to save the picture.";
				INFOPLIST_KEY_UIApplicationSceneManifest_Generation = YES;
				INFOPLIST_KEY_UIApplicationSupportsIndirectInputEvents = YES;
				INFOPLIST_KEY_UILaunchScreen_Generation = YES;
				INFOPLIST_KEY_UISupportedInterfaceOrientations = UIInterfaceOrientationPortrait;
				IPHONEOS_DEPLOYMENT_TARGET = 14.0;
				LD_RUNPATH_SEARCH_PATHS = (
					"$(inherited)",
					"@executable_path/Frameworks",
				);
				MARKETING_VERSION = 1.0.2;
				PRODUCT_BUNDLE_IDENTIFIER = org.haxi0.Kittens;
				PRODUCT_NAME = "$(TARGET_NAME)";
				SWIFT_EMIT_LOC_STRINGS = YES;
				SWIFT_VERSION = 5.0;
				TARGETED_DEVICE_FAMILY = "1,2";
			};
			name = Release;
		};
/* End XCBuildConfiguration section */

/* Begin XCConfigurationList section */
		6D140581293A9C2D0061A9AC /* Build configuration list for PBXProject "Kittens" */ = {
			isa = XCConfigurationList;
			buildConfigurations = (
				6D140592293A9C2F0061A9AC /* Debug */,
				6D140593293A9C2F0061A9AC /* Release */,
			);
			defaultConfigurationIsVisible = 0;
			defaultConfigurationName = Release;
		};
		6D140594293A9C2F0061A9AC /* Build configuration list for PBXNativeTarget "Kittens" */ = {
			isa = XCConfigurationList;
			buildConfigurations = (
				6D140595293A9C2F0061A9AC /* Debug */,
				6D140596293A9C2F0061A9AC /* Release */,
			);
			defaultConfigurationIsVisible = 0;
			defaultConfigurationName = Release;
		};
/* End XCConfigurationList section */

/* Begin XCRemoteSwiftPackageReference section */
		6D140599293A9CAA0061A9AC /* XCRemoteSwiftPackageReference "SDWebImageSwiftUI" */ = {
			isa = XCRemoteSwiftPackageReference;
			repositoryURL = "https://github.com/SDWebImage/SDWebImageSwiftUI";
			requirement = {
				branch = master;
				kind = branch;
			};
		};
/* End XCRemoteSwiftPackageReference section */

/* Begin XCSwiftPackageProductDependency section */
		6D14059A293A9CAA0061A9AC /* SDWebImageSwiftUI */ = {
			isa = XCSwiftPackageProductDependency;
			package = 6D140599293A9CAA0061A9AC /* XCRemoteSwiftPackageReference "SDWebImageSwiftUI" */;
			productName = SDWebImageSwiftUI;
		};
/* End XCSwiftPackageProductDependency section */
	};
	rootObject = 6D14057E293A9C2D0061A9AC /* Project object */;
}
